// !$*UTF8*$!
{
	archiveVersion = 1;
	classes = {
	};
	objectVersion = 46;
	objects = {

/* Begin PBXBuildFile section */
		4C07F3A01508899E00FC4D90 /* displaySkeleton.cpp in Sources */ = {isa = PBXBuildFile; fileRef = 4C07F3951508899E00FC4D90 /* displaySkeleton.cpp */; };
		4C07F3A11508899E00FC4D90 /* interface.cpp in Sources */ = {isa = PBXBuildFile; fileRef = 4C07F3961508899E00FC4D90 /* interface.cpp */; };
		4C07F3A21508899E00FC4D90 /* mocapPlayer.cpp in Sources */ = {isa = PBXBuildFile; fileRef = 4C07F3971508899E00FC4D90 /* mocapPlayer.cpp */; };
		4C07F3A31508899E00FC4D90 /* motion.cpp in Sources */ = {isa = PBXBuildFile; fileRef = 4C07F3981508899E00FC4D90 /* motion.cpp */; };
		4C07F3A41508899E00FC4D90 /* performanceCounter.cpp in Sources */ = {isa = PBXBuildFile; fileRef = 4C07F3991508899E00FC4D90 /* performanceCounter.cpp */; };
		4C07F3A51508899E00FC4D90 /* pic.cpp in Sources */ = {isa = PBXBuildFile; fileRef = 4C07F39A1508899E00FC4D90 /* pic.cpp */; };
		4C07F3A61508899E00FC4D90 /* posture.cpp in Sources */ = {isa = PBXBuildFile; fileRef = 4C07F39B1508899E00FC4D90 /* posture.cpp */; };
		4C07F3A71508899E00FC4D90 /* ppm.cpp in Sources */ = {isa = PBXBuildFile; fileRef = 4C07F39C1508899E00FC4D90 /* ppm.cpp */; };
		4C07F3A81508899E00FC4D90 /* skeleton.cpp in Sources */ = {isa = PBXBuildFile; fileRef = 4C07F39D1508899E00FC4D90 /* skeleton.cpp */; };
		4C07F3A91508899E00FC4D90 /* transform.cpp in Sources */ = {isa = PBXBuildFile; fileRef = 4C07F39E1508899E00FC4D90 /* transform.cpp */; };
		4C07F3AA1508899E00FC4D90 /* vector.cpp in Sources */ = {isa = PBXBuildFile; fileRef = 4C07F39F1508899E00FC4D90 /* vector.cpp */; };
		4CA7AF7E1506184A007AAFC1 /* Player.1 in CopyFiles */ = {isa = PBXBuildFile; fileRef = 4CA7AF7D1506184A007AAFC1 /* Player.1 */; };
		4CA7AFA61506191E007AAFC1 /* fltk.framework in Frameworks */ = {isa = PBXBuildFile; fileRef = 4CA7AFA51506191E007AAFC1 /* fltk.framework */; };
		4CA7AFB215061A1B007AAFC1 /* OpenGL.framework in Frameworks */ = {isa = PBXBuildFile; fileRef = 4CA7AFB115061A1B007AAFC1 /* OpenGL.framework */; };
		4CA7AFB415061A76007AAFC1 /* fltk_gl.framework in Frameworks */ = {isa = PBXBuildFile; fileRef = 4CA7AFB315061A76007AAFC1 /* fltk_gl.framework */; };
/* End PBXBuildFile section */

/* Begin PBXCopyFilesBuildPhase section */
		4CA7AF751506184A007AAFC1 /* CopyFiles */ = {
			isa = PBXCopyFilesBuildPhase;
			buildActionMask = 2147483647;
			dstPath = /usr/share/man/man1/;
			dstSubfolderSpec = 0;
			files = (
				4CA7AF7E1506184A007AAFC1 /* Player.1 in CopyFiles */,
			);
			runOnlyForDeploymentPostprocessing = 1;
		};
/* End PBXCopyFilesBuildPhase section */

/* Begin PBXFileReference section */
		4C07F38A1508899E00FC4D90 /* displaySkeleton.h */ = {isa = PBXFileReference; fileEncoding = 4; lastKnownFileType = sourcecode.c.h; path = displaySkeleton.h; sourceTree = "<group>"; };
		4C07F38B1508899E00FC4D90 /* interface.h */ = {isa = PBXFileReference; fileEncoding = 4; lastKnownFileType = sourcecode.c.h; path = interface.h; sourceTree = "<group>"; };
		4C07F38C1508899E00FC4D90 /* mocapPlayer.h */ = {isa = PBXFileReference; fileEncoding = 4; lastKnownFileType = sourcecode.c.h; path = mocapPlayer.h; sourceTree = "<group>"; };
		4C07F38D1508899E00FC4D90 /* motion.h */ = {isa = PBXFileReference; fileEncoding = 4; lastKnownFileType = sourcecode.c.h; path = motion.h; sourceTree = "<group>"; };
		4C07F38E1508899E00FC4D90 /* performanceCounter.h */ = {isa = PBXFileReference; fileEncoding = 4; lastKnownFileType = sourcecode.c.h; path = performanceCounter.h; sourceTree = "<group>"; };
		4C07F38F1508899E00FC4D90 /* pic.h */ = {isa = PBXFileReference; fileEncoding = 4; lastKnownFileType = sourcecode.c.h; path = pic.h; sourceTree = "<group>"; };
		4C07F3901508899E00FC4D90 /* posture.h */ = {isa = PBXFileReference; fileEncoding = 4; lastKnownFileType = sourcecode.c.h; path = posture.h; sourceTree = "<group>"; };
		4C07F3911508899E00FC4D90 /* skeleton.h */ = {isa = PBXFileReference; fileEncoding = 4; lastKnownFileType = sourcecode.c.h; path = skeleton.h; sourceTree = "<group>"; };
		4C07F3921508899E00FC4D90 /* transform.h */ = {isa = PBXFileReference; fileEncoding = 4; lastKnownFileType = sourcecode.c.h; path = transform.h; sourceTree = "<group>"; };
		4C07F3931508899E00FC4D90 /* types.h */ = {isa = PBXFileReference; fileEncoding = 4; lastKnownFileType = sourcecode.c.h; path = types.h; sourceTree = "<group>"; };
		4C07F3941508899E00FC4D90 /* vector.h */ = {isa = PBXFileReference; fileEncoding = 4; lastKnownFileType = sourcecode.c.h; path = vector.h; sourceTree = "<group>"; };
		4C07F3951508899E00FC4D90 /* displaySkeleton.cpp */ = {isa = PBXFileReference; fileEncoding = 4; lastKnownFileType = sourcecode.cpp.cpp; path = displaySkeleton.cpp; sourceTree = "<group>"; };
		4C07F3961508899E00FC4D90 /* interface.cpp */ = {isa = PBXFileReference; fileEncoding = 4; lastKnownFileType = sourcecode.cpp.cpp; path = interface.cpp; sourceTree = "<group>"; };
		4C07F3971508899E00FC4D90 /* mocapPlayer.cpp */ = {isa = PBXFileReference; fileEncoding = 4; lastKnownFileType = sourcecode.cpp.cpp; path = mocapPlayer.cpp; sourceTree = "<group>"; };
		4C07F3981508899E00FC4D90 /* motion.cpp */ = {isa = PBXFileReference; fileEncoding = 4; lastKnownFileType = sourcecode.cpp.cpp; path = motion.cpp; sourceTree = "<group>"; };
		4C07F3991508899E00FC4D90 /* performanceCounter.cpp */ = {isa = PBXFileReference; fileEncoding = 4; lastKnownFileType = sourcecode.cpp.cpp; path = performanceCounter.cpp; sourceTree = "<group>"; };
		4C07F39A1508899E00FC4D90 /* pic.cpp */ = {isa = PBXFileReference; fileEncoding = 4; lastKnownFileType = sourcecode.cpp.cpp; path = pic.cpp; sourceTree = "<group>"; };
		4C07F39B1508899E00FC4D90 /* posture.cpp */ = {isa = PBXFileReference; fileEncoding = 4; lastKnownFileType = sourcecode.cpp.cpp; path = posture.cpp; sourceTree = "<group>"; };
		4C07F39C1508899E00FC4D90 /* ppm.cpp */ = {isa = PBXFileReference; fileEncoding = 4; lastKnownFileType = sourcecode.cpp.cpp; path = ppm.cpp; sourceTree = "<group>"; };
		4C07F39D1508899E00FC4D90 /* skeleton.cpp */ = {isa = PBXFileReference; fileEncoding = 4; lastKnownFileType = sourcecode.cpp.cpp; path = skeleton.cpp; sourceTree = "<group>"; };
		4C07F39E1508899E00FC4D90 /* transform.cpp */ = {isa = PBXFileReference; fileEncoding = 4; lastKnownFileType = sourcecode.cpp.cpp; path = transform.cpp; sourceTree = "<group>"; };
		4C07F39F1508899E00FC4D90 /* vector.cpp */ = {isa = PBXFileReference; fileEncoding = 4; lastKnownFileType = sourcecode.cpp.cpp; path = vector.cpp; sourceTree = "<group>"; };
		4CA7AF771506184A007AAFC1 /* Player */ = {isa = PBXFileReference; explicitFileType = "compiled.mach-o.executable"; includeInIndex = 0; path = Player; sourceTree = BUILT_PRODUCTS_DIR; };
		4CA7AF7D1506184A007AAFC1 /* Player.1 */ = {isa = PBXFileReference; lastKnownFileType = text.man; path = Player.1; sourceTree = "<group>"; };
		4CA7AFA51506191E007AAFC1 /* fltk.framework */ = {isa = PBXFileReference; lastKnownFileType = wrapper.framework; name = fltk.framework; path = ../../../../../Library/Frameworks/fltk.framework; sourceTree = "<group>"; };
		4CA7AFB115061A1B007AAFC1 /* OpenGL.framework */ = {isa = PBXFileReference; lastKnownFileType = wrapper.framework; name = OpenGL.framework; path = ../../../../../System/Library/Frameworks/OpenGL.framework; sourceTree = "<group>"; };
		4CA7AFB315061A76007AAFC1 /* fltk_gl.framework */ = {isa = PBXFileReference; lastKnownFileType = wrapper.framework; name = fltk_gl.framework; path = ../../../../../Library/Frameworks/fltk_gl.framework; sourceTree = "<group>"; };
/* End PBXFileReference section */

/* Begin PBXFrameworksBuildPhase section */
		4CA7AF741506184A007AAFC1 /* Frameworks */ = {
			isa = PBXFrameworksBuildPhase;
			buildActionMask = 2147483647;
			files = (
				4CA7AFA61506191E007AAFC1 /* fltk.framework in Frameworks */,
				4CA7AFB215061A1B007AAFC1 /* OpenGL.framework in Frameworks */,
				4CA7AFB415061A76007AAFC1 /* fltk_gl.framework in Frameworks */,
			);
			runOnlyForDeploymentPostprocessing = 0;
		};
/* End PBXFrameworksBuildPhase section */

/* Begin PBXGroup section */
		4CA7AF6C1506184A007AAFC1 = {
			isa = PBXGroup;
			children = (
				4CA7AFB315061A76007AAFC1 /* fltk_gl.framework */,
				4CA7AFB115061A1B007AAFC1 /* OpenGL.framework */,
				4CA7AFA51506191E007AAFC1 /* fltk.framework */,
				4CA7AF7A1506184A007AAFC1 /* Player */,
				4CA7AF781506184A007AAFC1 /* Products */,
			);
			sourceTree = "<group>";
		};
		4CA7AF781506184A007AAFC1 /* Products */ = {
			isa = PBXGroup;
			children = (
				4CA7AF771506184A007AAFC1 /* Player */,
			);
			name = Products;
			sourceTree = "<group>";
		};
		4CA7AF7A1506184A007AAFC1 /* Player */ = {
			isa = PBXGroup;
			children = (
				4C07F38A1508899E00FC4D90 /* displaySkeleton.h */,
				4C07F38B1508899E00FC4D90 /* interface.h */,
				4C07F38C1508899E00FC4D90 /* mocapPlayer.h */,
				4C07F38D1508899E00FC4D90 /* motion.h */,
				4C07F38E1508899E00FC4D90 /* performanceCounter.h */,
				4C07F38F1508899E00FC4D90 /* pic.h */,
				4C07F3901508899E00FC4D90 /* posture.h */,
				4C07F3911508899E00FC4D90 /* skeleton.h */,
				4C07F3921508899E00FC4D90 /* transform.h */,
				4C07F3931508899E00FC4D90 /* types.h */,
				4C07F3941508899E00FC4D90 /* vector.h */,
				4C07F3951508899E00FC4D90 /* displaySkeleton.cpp */,
				4C07F3961508899E00FC4D90 /* interface.cpp */,
				4C07F3971508899E00FC4D90 /* mocapPlayer.cpp */,
				4C07F3981508899E00FC4D90 /* motion.cpp */,
				4C07F3991508899E00FC4D90 /* performanceCounter.cpp */,
				4C07F39A1508899E00FC4D90 /* pic.cpp */,
				4C07F39B1508899E00FC4D90 /* posture.cpp */,
				4C07F39C1508899E00FC4D90 /* ppm.cpp */,
				4C07F39D1508899E00FC4D90 /* skeleton.cpp */,
				4C07F39E1508899E00FC4D90 /* transform.cpp */,
				4C07F39F1508899E00FC4D90 /* vector.cpp */,
				4CA7AF7D1506184A007AAFC1 /* Player.1 */,
			);
			path = Player;
			sourceTree = "<group>";
		};
/* End PBXGroup section */

/* Begin PBXNativeTarget section */
		4CA7AF761506184A007AAFC1 /* Player */ = {
			isa = PBXNativeTarget;
			buildConfigurationList = 4CA7AF811506184A007AAFC1 /* Build configuration list for PBXNativeTarget "Player" */;
			buildPhases = (
				4CA7AF731506184A007AAFC1 /* Sources */,
				4CA7AF741506184A007AAFC1 /* Frameworks */,
				4CA7AF751506184A007AAFC1 /* CopyFiles */,
			);
			buildRules = (
			);
			dependencies = (
			);
			name = Player;
			productName = Player;
			productReference = 4CA7AF771506184A007AAFC1 /* Player */;
			productType = "com.apple.product-type.tool";
		};
/* End PBXNativeTarget section */

/* Begin PBXProject section */
		4CA7AF6E1506184A007AAFC1 /* Project object */ = {
			isa = PBXProject;
			attributes = {
				LastUpgradeCheck = 0420;
			};
			buildConfigurationList = 4CA7AF711506184A007AAFC1 /* Build configuration list for PBXProject "Player" */;
			compatibilityVersion = "Xcode 3.2";
			developmentRegion = English;
			hasScannedForEncodings = 0;
			knownRegions = (
				en,
			);
			mainGroup = 4CA7AF6C1506184A007AAFC1;
			productRefGroup = 4CA7AF781506184A007AAFC1 /* Products */;
			projectDirPath = "";
			projectRoot = "";
			targets = (
				4CA7AF761506184A007AAFC1 /* Player */,
			);
		};
/* End PBXProject section */

/* Begin PBXSourcesBuildPhase section */
		4CA7AF731506184A007AAFC1 /* Sources */ = {
			isa = PBXSourcesBuildPhase;
			buildActionMask = 2147483647;
			files = (
				4C07F3A01508899E00FC4D90 /* displaySkeleton.cpp in Sources */,
				4C07F3A11508899E00FC4D90 /* interface.cpp in Sources */,
				4C07F3A21508899E00FC4D90 /* mocapPlayer.cpp in Sources */,
				4C07F3A31508899E00FC4D90 /* motion.cpp in Sources */,
				4C07F3A41508899E00FC4D90 /* performanceCounter.cpp in Sources */,
				4C07F3A51508899E00FC4D90 /* pic.cpp in Sources */,
				4C07F3A61508899E00FC4D90 /* posture.cpp in Sources */,
				4C07F3A71508899E00FC4D90 /* ppm.cpp in Sources */,
				4C07F3A81508899E00FC4D90 /* skeleton.cpp in Sources */,
				4C07F3A91508899E00FC4D90 /* transform.cpp in Sources */,
				4C07F3AA1508899E00FC4D90 /* vector.cpp in Sources */,
			);
			runOnlyForDeploymentPostprocessing = 0;
		};
/* End PBXSourcesBuildPhase section */

/* Begin XCBuildConfiguration section */
		4CA7AF7F1506184A007AAFC1 /* Debug */ = {
			isa = XCBuildConfiguration;
			buildSettings = {
				ALWAYS_SEARCH_USER_PATHS = NO;
				ARCHS = "$(ARCHS_STANDARD_64_BIT)";
				CLANG_ENABLE_OBJC_ARC = YES;
				COPY_PHASE_STRIP = NO;
				GCC_C_LANGUAGE_STANDARD = gnu99;
				GCC_DYNAMIC_NO_PIC = NO;
				GCC_ENABLE_OBJC_EXCEPTIONS = YES;
				GCC_OPTIMIZATION_LEVEL = 0;
				GCC_PREPROCESSOR_DEFINITIONS = (
					"DEBUG=1",
					"$(inherited)",
				);
				GCC_SYMBOLS_PRIVATE_EXTERN = NO;
				GCC_VERSION = com.apple.compilers.llvm.clang.1_0;
				GCC_WARN_64_TO_32_BIT_CONVERSION = YES;
				GCC_WARN_ABOUT_MISSING_PROTOTYPES = YES;
				GCC_WARN_ABOUT_RETURN_TYPE = YES;
				GCC_WARN_UNUSED_VARIABLE = YES;
				MACOSX_DEPLOYMENT_TARGET = 10.7;
				ONLY_ACTIVE_ARCH = YES;
				SDKROOT = macosx;
			};
			name = Debug;
		};
		4CA7AF801506184A007AAFC1 /* Release */ = {
			isa = XCBuildConfiguration;
			buildSettings = {
				ALWAYS_SEARCH_USER_PATHS = NO;
				ARCHS = "$(ARCHS_STANDARD_64_BIT)";
				CLANG_ENABLE_OBJC_ARC = YES;
				COPY_PHASE_STRIP = YES;
				DEBUG_INFORMATION_FORMAT = "dwarf-with-dsym";
				GCC_C_LANGUAGE_STANDARD = gnu99;
				GCC_ENABLE_OBJC_EXCEPTIONS = YES;
				GCC_VERSION = com.apple.compilers.llvm.clang.1_0;
				GCC_WARN_64_TO_32_BIT_CONVERSION = YES;
				GCC_WARN_ABOUT_MISSING_PROTOTYPES = YES;
				GCC_WARN_ABOUT_RETURN_TYPE = YES;
				GCC_WARN_UNUSED_VARIABLE = YES;
				MACOSX_DEPLOYMENT_TARGET = 10.7;
				SDKROOT = macosx;
			};
			name = Release;
		};
		4CA7AF821506184A007AAFC1 /* Debug */ = {
			isa = XCBuildConfiguration;
			buildSettings = {
				PRODUCT_NAME = "$(TARGET_NAME)";
			};
			name = Debug;
		};
		4CA7AF831506184A007AAFC1 /* Release */ = {
			isa = XCBuildConfiguration;
			buildSettings = {
				PRODUCT_NAME = "$(TARGET_NAME)";
			};
			name = Release;
		};
/* End XCBuildConfiguration section */

/* Begin XCConfigurationList section */
		4CA7AF711506184A007AAFC1 /* Build configuration list for PBXProject "Player" */ = {
			isa = XCConfigurationList;
			buildConfigurations = (
				4CA7AF7F1506184A007AAFC1 /* Debug */,
				4CA7AF801506184A007AAFC1 /* Release */,
			);
			defaultConfigurationIsVisible = 0;
			defaultConfigurationName = Release;
		};
		4CA7AF811506184A007AAFC1 /* Build configuration list for PBXNativeTarget "Player" */ = {
			isa = XCConfigurationList;
			buildConfigurations = (
				4CA7AF821506184A007AAFC1 /* Debug */,
				4CA7AF831506184A007AAFC1 /* Release */,
			);
			defaultConfigurationIsVisible = 0;
			defaultConfigurationName = Release;
		};
/* End XCConfigurationList section */
	};
	rootObject = 4CA7AF6E1506184A007AAFC1 /* Project object */;
}
